// !$*UTF8*$!
{
	archiveVersion = 1;
	classes = {
	};
	objectVersion = 55;
	objects = {

/* Begin PBXBuildFile section */
		77BE75E528CB7B8900BCF9F6 /* .sourcery.yml in CopyFiles */ = {isa = PBXBuildFile; fileRef = 77E2B9D628CB778A00C03EBE /* .sourcery.yml */; };
		77BE75E628CB7B8D00BCF9F6 /* AutoMockable.stencil in CopyFiles */ = {isa = PBXBuildFile; fileRef = 77E2B9D328CB778A00C03EBE /* AutoMockable.stencil */; };
		77BE75E928CB7BF700BCF9F6 /* AutoMockable.generated.swift in Sources */ = {isa = PBXBuildFile; fileRef = 77BE75E828CB7BF700BCF9F6 /* AutoMockable.generated.swift */; };
		77C4E75B28CB5B5F00AD9D52 /* SourceryPluginSampleProjApp.swift in Sources */ = {isa = PBXBuildFile; fileRef = 77C4E75A28CB5B5F00AD9D52 /* SourceryPluginSampleProjApp.swift */; };
		77C4E75D28CB5B5F00AD9D52 /* ContentView.swift in Sources */ = {isa = PBXBuildFile; fileRef = 77C4E75C28CB5B5F00AD9D52 /* ContentView.swift */; };
		77E2B9D928CB778A00C03EBE /* Camera.swift in Sources */ = {isa = PBXBuildFile; fileRef = 77E2B9D528CB778A00C03EBE /* Camera.swift */; };
/* End PBXBuildFile section */

/* Begin PBXCopyFilesBuildPhase section */
		77BE75E428CB7B8000BCF9F6 /* CopyFiles */ = {
			isa = PBXCopyFilesBuildPhase;
			buildActionMask = 2147483647;
			dstPath = "";
			dstSubfolderSpec = 7;
			files = (
				77BE75E628CB7B8D00BCF9F6 /* AutoMockable.stencil in CopyFiles */,
				77BE75E528CB7B8900BCF9F6 /* .sourcery.yml in CopyFiles */,
			);
			runOnlyForDeploymentPostprocessing = 0;
		};
/* End PBXCopyFilesBuildPhase section */

/* Begin PBXFileReference section */
		77BE75E828CB7BF700BCF9F6 /* AutoMockable.generated.swift */ = {isa = PBXFileReference; fileEncoding = 4; lastKnownFileType = sourcecode.swift; path = AutoMockable.generated.swift; sourceTree = "<group>"; };
		77C4E75728CB5B5F00AD9D52 /* SourceryPluginSampleProj.app */ = {isa = PBXFileReference; explicitFileType = wrapper.application; includeInIndex = 0; path = SourceryPluginSampleProj.app; sourceTree = BUILT_PRODUCTS_DIR; };
		77C4E75A28CB5B5F00AD9D52 /* SourceryPluginSampleProjApp.swift */ = {isa = PBXFileReference; lastKnownFileType = sourcecode.swift; path = SourceryPluginSampleProjApp.swift; sourceTree = "<group>"; };
		77C4E75C28CB5B5F00AD9D52 /* ContentView.swift */ = {isa = PBXFileReference; lastKnownFileType = sourcecode.swift; path = ContentView.swift; sourceTree = "<group>"; };
		77C4E75E28CB5B6000AD9D52 /* Assets.xcassets */ = {isa = PBXFileReference; lastKnownFileType = folder.assetcatalog; path = Assets.xcassets; sourceTree = "<group>"; };
		77C4E76128CB5B6000AD9D52 /* Preview Assets.xcassets */ = {isa = PBXFileReference; lastKnownFileType = folder.assetcatalog; path = "Preview Assets.xcassets"; sourceTree = "<group>"; };
		77E2B9D328CB778A00C03EBE /* AutoMockable.stencil */ = {isa = PBXFileReference; fileEncoding = 4; lastKnownFileType = text; path = AutoMockable.stencil; sourceTree = "<group>"; };
		77E2B9D528CB778A00C03EBE /* Camera.swift */ = {isa = PBXFileReference; fileEncoding = 4; lastKnownFileType = sourcecode.swift; path = Camera.swift; sourceTree = "<group>"; };
		77E2B9D628CB778A00C03EBE /* .sourcery.yml */ = {isa = PBXFileReference; fileEncoding = 4; lastKnownFileType = text.yaml; path = .sourcery.yml; sourceTree = "<group>"; };
/* End PBXFileReference section */

/* Begin PBXFrameworksBuildPhase section */
		77C4E75428CB5B5F00AD9D52 /* Frameworks */ = {
			isa = PBXFrameworksBuildPhase;
			buildActionMask = 2147483647;
			files = (
			);
			runOnlyForDeploymentPostprocessing = 0;
		};
/* End PBXFrameworksBuildPhase section */

/* Begin PBXGroup section */
		77C4E74E28CB5B5F00AD9D52 = {
			isa = PBXGroup;
			children = (
				77C4E75928CB5B5F00AD9D52 /* SourceryPluginSampleProj */,
				77C4E75828CB5B5F00AD9D52 /* Products */,
			);
			sourceTree = "<group>";
		};
		77C4E75828CB5B5F00AD9D52 /* Products */ = {
			isa = PBXGroup;
			children = (
				77C4E75728CB5B5F00AD9D52 /* SourceryPluginSampleProj.app */,
			);
			name = Products;
			sourceTree = "<group>";
		};
		77C4E75928CB5B5F00AD9D52 /* SourceryPluginSampleProj */ = {
			isa = PBXGroup;
			children = (
				77E2B9D628CB778A00C03EBE /* .sourcery.yml */,
				77E2B9D528CB778A00C03EBE /* Camera.swift */,
				77BE75E828CB7BF700BCF9F6 /* AutoMockable.generated.swift */,
				77E2B9D228CB778A00C03EBE /* SourceryTemplates */,
				77C4E75A28CB5B5F00AD9D52 /* SourceryPluginSampleProjApp.swift */,
				77C4E75C28CB5B5F00AD9D52 /* ContentView.swift */,
				77C4E75E28CB5B6000AD9D52 /* Assets.xcassets */,
				77C4E76028CB5B6000AD9D52 /* Preview Content */,
			);
			path = SourceryPluginSampleProj;
			sourceTree = "<group>";
		};
		77C4E76028CB5B6000AD9D52 /* Preview Content */ = {
			isa = PBXGroup;
			children = (
				77C4E76128CB5B6000AD9D52 /* Preview Assets.xcassets */,
			);
			path = "Preview Content";
			sourceTree = "<group>";
		};
		77E2B9D228CB778A00C03EBE /* SourceryTemplates */ = {
			isa = PBXGroup;
			children = (
				77E2B9D328CB778A00C03EBE /* AutoMockable.stencil */,
			);
			path = SourceryTemplates;
			sourceTree = "<group>";
		};
/* End PBXGroup section */

/* Begin PBXNativeTarget section */
		77C4E75628CB5B5F00AD9D52 /* SourceryPluginSampleProj */ = {
			isa = PBXNativeTarget;
			buildConfigurationList = 77C4E76528CB5B6000AD9D52 /* Build configuration list for PBXNativeTarget "SourceryPluginSampleProj" */;
			buildPhases = (
				77C4E75328CB5B5F00AD9D52 /* Sources */,
				77C4E75428CB5B5F00AD9D52 /* Frameworks */,
				77BE75E428CB7B8000BCF9F6 /* CopyFiles */,
			);
			buildRules = (
			);
			dependencies = (
			);
			name = SourceryPluginSampleProj;
			productName = SourceryPluginSampleProj;
			productReference = 77C4E75728CB5B5F00AD9D52 /* SourceryPluginSampleProj.app */;
			productType = "com.apple.product-type.application";
		};
/* End PBXNativeTarget section */

/* Begin PBXProject section */
		77C4E74F28CB5B5F00AD9D52 /* Project object */ = {
			isa = PBXProject;
			attributes = {
				BuildIndependentTargetsInParallel = 1;
				LastSwiftUpdateCheck = 1330;
				LastUpgradeCheck = 1330;
				TargetAttributes = {
					77C4E75628CB5B5F00AD9D52 = {
						CreatedOnToolsVersion = 13.3;
					};
				};
			};
			buildConfigurationList = 77C4E75228CB5B5F00AD9D52 /* Build configuration list for PBXProject "SourceryPluginSampleProj" */;
			compatibilityVersion = "Xcode 13.0";
			developmentRegion = en;
			hasScannedForEncodings = 0;
			knownRegions = (
				en,
				Base,
			);
			mainGroup = 77C4E74E28CB5B5F00AD9D52;
			packageReferences = (
				77BE75E728CB7BAD00BCF9F6 /* XCRemoteSwiftPackageReference "Sourcery" */,
			);
			productRefGroup = 77C4E75828CB5B5F00AD9D52 /* Products */;
			projectDirPath = "";
			projectRoot = "";
			targets = (
				77C4E75628CB5B5F00AD9D52 /* SourceryPluginSampleProj */,
			);
		};
/* End PBXProject section */

/* Begin PBXSourcesBuildPhase section */
		77C4E75328CB5B5F00AD9D52 /* Sources */ = {
			isa = PBXSourcesBuildPhase;
			buildActionMask = 2147483647;
			files = (
				77C4E75D28CB5B5F00AD9D52 /* ContentView.swift in Sources */,
				77C4E75B28CB5B5F00AD9D52 /* SourceryPluginSampleProjApp.swift in Sources */,
				77E2B9D928CB778A00C03EBE /* Camera.swift in Sources */,
				77BE75E928CB7BF700BCF9F6 /* AutoMockable.generated.swift in Sources */,
			);
			runOnlyForDeploymentPostprocessing = 0;
		};
/* End PBXSourcesBuildPhase section */

/* Begin XCBuildConfiguration section */
		77C4E76328CB5B6000AD9D52 /* Debug */ = {
			isa = XCBuildConfiguration;
			buildSettings = {
				ALWAYS_SEARCH_USER_PATHS = NO;
				CLANG_ANALYZER_NONNULL = YES;
				CLANG_ANALYZER_NUMBER_OBJECT_CONVERSION = YES_AGGRESSIVE;
				CLANG_CXX_LANGUAGE_STANDARD = "gnu++17";
				CLANG_ENABLE_MODULES = YES;
				CLANG_ENABLE_OBJC_ARC = YES;
				CLANG_ENABLE_OBJC_WEAK = YES;
				CLANG_WARN_BLOCK_CAPTURE_AUTORELEASING = YES;
				CLANG_WARN_BOOL_CONVERSION = YES;
				CLANG_WARN_COMMA = YES;
				CLANG_WARN_CONSTANT_CONVERSION = YES;
				CLANG_WARN_DEPRECATED_OBJC_IMPLEMENTATIONS = YES;
				CLANG_WARN_DIRECT_OBJC_ISA_USAGE = YES_ERROR;
				CLANG_WARN_DOCUMENTATION_COMMENTS = YES;
				CLANG_WARN_EMPTY_BODY = YES;
				CLANG_WARN_ENUM_CONVERSION = YES;
				CLANG_WARN_INFINITE_RECURSION = YES;
				CLANG_WARN_INT_CONVERSION = YES;
				CLANG_WARN_NON_LITERAL_NULL_CONVERSION = YES;
				CLANG_WARN_OBJC_IMPLICIT_RETAIN_SELF = YES;
				CLANG_WARN_OBJC_LITERAL_CONVERSION = YES;
				CLANG_WARN_OBJC_ROOT_CLASS = YES_ERROR;
				CLANG_WARN_QUOTED_INCLUDE_IN_FRAMEWORK_HEADER = YES;
				CLANG_WARN_RANGE_LOOP_ANALYSIS = YES;
				CLANG_WARN_STRICT_PROTOTYPES = YES;
				CLANG_WARN_SUSPICIOUS_MOVE = YES;
				CLANG_WARN_UNGUARDED_AVAILABILITY = YES_AGGRESSIVE;
				CLANG_WARN_UNREACHABLE_CODE = YES;
				CLANG_WARN__DUPLICATE_METHOD_MATCH = YES;
				COPY_PHASE_STRIP = NO;
				DEBUG_INFORMATION_FORMAT = dwarf;
				ENABLE_STRICT_OBJC_MSGSEND = YES;
				ENABLE_TESTABILITY = YES;
				GCC_C_LANGUAGE_STANDARD = gnu11;
				GCC_DYNAMIC_NO_PIC = NO;
				GCC_NO_COMMON_BLOCKS = YES;
				GCC_OPTIMIZATION_LEVEL = 0;
				GCC_PREPROCESSOR_DEFINITIONS = (
					"DEBUG=1",
					"$(inherited)",
				);
				GCC_WARN_64_TO_32_BIT_CONVERSION = YES;
				GCC_WARN_ABOUT_RETURN_TYPE = YES_ERROR;
				GCC_WARN_UNDECLARED_SELECTOR = YES;
				GCC_WARN_UNINITIALIZED_AUTOS = YES_AGGRESSIVE;
				GCC_WARN_UNUSED_FUNCTION = YES;
				GCC_WARN_UNUSED_VARIABLE = YES;
				IPHONEOS_DEPLOYMENT_TARGET = 15.4;
				MTL_ENABLE_DEBUG_INFO = INCLUDE_SOURCE;
				MTL_FAST_MATH = YES;
				ONLY_ACTIVE_ARCH = YES;
				SDKROOT = iphoneos;
				SWIFT_ACTIVE_COMPILATION_CONDITIONS = DEBUG;
				SWIFT_OPTIMIZATION_LEVEL = "-Onone";
			};
			name = Debug;
		};
		77C4E76428CB5B6000AD9D52 /* Release */ = {
			isa = XCBuildConfiguration;
			buildSettings = {
				ALWAYS_SEARCH_USER_PATHS = NO;
				CLANG_ANALYZER_NONNULL = YES;
				CLANG_ANALYZER_NUMBER_OBJECT_CONVERSION = YES_AGGRESSIVE;
				CLANG_CXX_LANGUAGE_STANDARD = "gnu++17";
				CLANG_ENABLE_MODULES = YES;
				CLANG_ENABLE_OBJC_ARC = YES;
				CLANG_ENABLE_OBJC_WEAK = YES;
				CLANG_WARN_BLOCK_CAPTURE_AUTORELEASING = YES;
				CLANG_WARN_BOOL_CONVERSION = YES;
				CLANG_WARN_COMMA = YES;
				CLANG_WARN_CONSTANT_CONVERSION = YES;
				CLANG_WARN_DEPRECATED_OBJC_IMPLEMENTATIONS = YES;
				CLANG_WARN_DIRECT_OBJC_ISA_USAGE = YES_ERROR;
				CLANG_WARN_DOCUMENTATION_COMMENTS = YES;
				CLANG_WARN_EMPTY_BODY = YES;
				CLANG_WARN_ENUM_CONVERSION = YES;
				CLANG_WARN_INFINITE_RECURSION = YES;
				CLANG_WARN_INT_CONVERSION = YES;
				CLANG_WARN_NON_LITERAL_NULL_CONVERSION = YES;
				CLANG_WARN_OBJC_IMPLICIT_RETAIN_SELF = YES;
				CLANG_WARN_OBJC_LITERAL_CONVERSION = YES;
				CLANG_WARN_OBJC_ROOT_CLASS = YES_ERROR;
				CLANG_WARN_QUOTED_INCLUDE_IN_FRAMEWORK_HEADER = YES;
				CLANG_WARN_RANGE_LOOP_ANALYSIS = YES;
				CLANG_WARN_STRICT_PROTOTYPES = YES;
				CLANG_WARN_SUSPICIOUS_MOVE = YES;
				CLANG_WARN_UNGUARDED_AVAILABILITY = YES_AGGRESSIVE;
				CLANG_WARN_UNREACHABLE_CODE = YES;
				CLANG_WARN__DUPLICATE_METHOD_MATCH = YES;
				COPY_PHASE_STRIP = NO;
				DEBUG_INFORMATION_FORMAT = "dwarf-with-dsym";
				ENABLE_NS_ASSERTIONS = NO;
				ENABLE_STRICT_OBJC_MSGSEND = YES;
				GCC_C_LANGUAGE_STANDARD = gnu11;
				GCC_NO_COMMON_BLOCKS = YES;
				GCC_WARN_64_TO_32_BIT_CONVERSION = YES;
				GCC_WARN_ABOUT_RETURN_TYPE = YES_ERROR;
				GCC_WARN_UNDECLARED_SELECTOR = YES;
				GCC_WARN_UNINITIALIZED_AUTOS = YES_AGGRESSIVE;
				GCC_WARN_UNUSED_FUNCTION = YES;
				GCC_WARN_UNUSED_VARIABLE = YES;
				IPHONEOS_DEPLOYMENT_TARGET = 15.4;
				MTL_ENABLE_DEBUG_INFO = NO;
				MTL_FAST_MATH = YES;
				SDKROOT = iphoneos;
				SWIFT_COMPILATION_MODE = wholemodule;
				SWIFT_OPTIMIZATION_LEVEL = "-O";
				VALIDATE_PRODUCT = YES;
			};
			name = Release;
		};
		77C4E76628CB5B6000AD9D52 /* Debug */ = {
			isa = XCBuildConfiguration;
			buildSettings = {
				ASSETCATALOG_COMPILER_APPICON_NAME = AppIcon;
				ASSETCATALOG_COMPILER_GLOBAL_ACCENT_COLOR_NAME = AccentColor;
				CODE_SIGN_STYLE = Automatic;
				CURRENT_PROJECT_VERSION = 1;
				DEVELOPMENT_ASSET_PATHS = "\"SourceryPluginSampleProj/Preview Content\"";
				DEVELOPMENT_TEAM = 8253X8XK4Z;
				ENABLE_PREVIEWS = YES;
				GENERATE_INFOPLIST_FILE = YES;
				INFOPLIST_KEY_UIApplicationSceneManifest_Generation = YES;
				INFOPLIST_KEY_UIApplicationSupportsIndirectInputEvents = YES;
				INFOPLIST_KEY_UILaunchScreen_Generation = YES;
				INFOPLIST_KEY_UISupportedInterfaceOrientations_iPad = "UIInterfaceOrientationPortrait UIInterfaceOrientationPortraitUpsideDown UIInterfaceOrientationLandscapeLeft UIInterfaceOrientationLandscapeRight";
				INFOPLIST_KEY_UISupportedInterfaceOrientations_iPhone = "UIInterfaceOrientationPortrait UIInterfaceOrientationLandscapeLeft UIInterfaceOrientationLandscapeRight";
				LD_RUNPATH_SEARCH_PATHS = (
					"$(inherited)",
					"@executable_path/Frameworks",
				);
				MARKETING_VERSION = 1.0;
				PRODUCT_BUNDLE_IDENTIFIER = dev.polpiella.SourceryPluginSampleProj;
				PRODUCT_NAME = "$(TARGET_NAME)";
				SWIFT_EMIT_LOC_STRINGS = YES;
				SWIFT_VERSION = 5.0;
				TARGETED_DEVICE_FAMILY = "1,2";
			};
			name = Debug;
		};
		77C4E76728CB5B6000AD9D52 /* Release */ = {
			isa = XCBuildConfiguration;
			buildSettings = {
				ASSETCATALOG_COMPILER_APPICON_NAME = AppIcon;
				ASSETCATALOG_COMPILER_GLOBAL_ACCENT_COLOR_NAME = AccentColor;
				CODE_SIGN_STYLE = Automatic;
				CURRENT_PROJECT_VERSION = 1;
				DEVELOPMENT_ASSET_PATHS = "\"SourceryPluginSampleProj/Preview Content\"";
				DEVELOPMENT_TEAM = 8253X8XK4Z;
				ENABLE_PREVIEWS = YES;
				GENERATE_INFOPLIST_FILE = YES;
				INFOPLIST_KEY_UIApplicationSceneManifest_Generation = YES;
				INFOPLIST_KEY_UIApplicationSupportsIndirectInputEvents = YES;
				INFOPLIST_KEY_UILaunchScreen_Generation = YES;
				INFOPLIST_KEY_UISupportedInterfaceOrientations_iPad = "UIInterfaceOrientationPortrait UIInterfaceOrientationPortraitUpsideDown UIInterfaceOrientationLandscapeLeft UIInterfaceOrientationLandscapeRight";
				INFOPLIST_KEY_UISupportedInterfaceOrientations_iPhone = "UIInterfaceOrientationPortrait UIInterfaceOrientationLandscapeLeft UIInterfaceOrientationLandscapeRight";
				LD_RUNPATH_SEARCH_PATHS = (
					"$(inherited)",
					"@executable_path/Frameworks",
				);
				MARKETING_VERSION = 1.0;
				PRODUCT_BUNDLE_IDENTIFIER = dev.polpiella.SourceryPluginSampleProj;
				PRODUCT_NAME = "$(TARGET_NAME)";
				SWIFT_EMIT_LOC_STRINGS = YES;
				SWIFT_VERSION = 5.0;
				TARGETED_DEVICE_FAMILY = "1,2";
			};
			name = Release;
		};
/* End XCBuildConfiguration section */

/* Begin XCConfigurationList section */
		77C4E75228CB5B5F00AD9D52 /* Build configuration list for PBXProject "SourceryPluginSampleProj" */ = {
			isa = XCConfigurationList;
			buildConfigurations = (
				77C4E76328CB5B6000AD9D52 /* Debug */,
				77C4E76428CB5B6000AD9D52 /* Release */,
			);
			defaultConfigurationIsVisible = 0;
			defaultConfigurationName = Release;
		};
		77C4E76528CB5B6000AD9D52 /* Build configuration list for PBXNativeTarget "SourceryPluginSampleProj" */ = {
			isa = XCConfigurationList;
			buildConfigurations = (
				77C4E76628CB5B6000AD9D52 /* Debug */,
				77C4E76728CB5B6000AD9D52 /* Release */,
			);
			defaultConfigurationIsVisible = 0;
			defaultConfigurationName = Release;
		};
/* End XCConfigurationList section */

/* Begin XCRemoteSwiftPackageReference section */
		77BE75E728CB7BAD00BCF9F6 /* XCRemoteSwiftPackageReference "Sourcery" */ = {
			isa = XCRemoteSwiftPackageReference;
			repositoryURL = "https://github.com/pol-piella/Sourcery.git";
			requirement = {
				branch = master;
				kind = branch;
			};
		};
/* End XCRemoteSwiftPackageReference section */
	};
	rootObject = 77C4E74F28CB5B5F00AD9D52 /* Project object */;
}
